
Microsoft Visual Studio Solution File, Format Version 12.00
# Visual Studio 15
VisualStudioVersion = 15.0.27004.2005
MinimumVisualStudioVersion = 10.0.40219.1
Project("{FAE04EC0-301F-11D3-BF4B-00C04F79EFBC}") = "DesignPatternsForPagesTask", "DesignPatternsForPagesTask\DesignPatternsForPagesTask.csproj", "{133C8E04-3048-449F-8A48-4A6C9752C22E}"
EndProject
Global
	GlobalSection(SolutionConfigurationPlatforms) = preSolution
		Debug|Any CPU = Debug|Any CPU
		Release|Any CPU = Release|Any CPU
	EndGlobalSection
	GlobalSection(ProjectConfigurationPlatforms) = postSolution
		{133C8E04-3048-449F-8A48-4A6C9752C22E}.Debug|Any CPU.ActiveCfg = Debug|Any CPU
		{133C8E04-3048-449F-8A48-4A6C9752C22E}.Debug|Any CPU.Build.0 = Debug|Any CPU
		{133C8E04-3048-449F-8A48-4A6C9752C22E}.Release|Any CPU.ActiveCfg = Release|Any CPU
		{133C8E04-3048-449F-8A48-4A6C9752C22E}.Release|Any CPU.Build.0 = Release|Any CPU
	EndGlobalSection
	GlobalSection(SolutionProperties) = preSolution
		HideSolutionNode = FALSE
	EndGlobalSection
	GlobalSection(ExtensibilityGlobals) = postSolution
		SolutionGuid = {08809283-ECF7-476D-BC7A-FAE17ADB73E4}
	EndGlobalSection
EndGlobal
